github.com/praveenrvkl/dogs v0.0.0-20240601121235-bbc32396640a h1:EIs3sSWd6FLPBtptDmRt85KM6zKviUjP8I7C4Dx9uD0=
github.com/praveenrvkl/dogs v0.0.0-20240601121235-bbc32396640a/go.mod h1:WNwlra/z7SB8uIv4dejAceSbWuR7MQh3qrlaInmsezI=
github.com/praveenrvkl/puppy v0.0.0-20240601111625-b188673cfea1 h1:VlHV0U99JISagKr80IYZF8kVS2lSOFnJpxncWBlTSWk=
github.com/praveenrvkl/puppy v0.0.0-20240601111625-b188673cfea1/go.mod h1:CIzTMnan8RVrlycsK0iNF2Zbi+9+QjJV1Ny4xJnmDYw=
github.com/praveenrvkl/puppy v0.0.0-20240601121550-917e0e04d0c7 h1:tz8UiP0NXLQ2UWkUnquihRJGeNFXI2/X0+r2vnBIsCc=
github.com/praveenrvkl/puppy v0.0.0-20240601121550-917e0e04d0c7/go.mod h1:aHISqoum0PsgZvjLDmLOeHKJOkMaOi+VuN3Cl71GiZk=
